{
  "requires": true,
  "lockfileVersion": 1,
  "dependencies": {
    "keen-slider": {
      "version": "5.4.1",
      "resolved": "https://registry.npmjs.org/keen-slider/-/keen-slider-5.4.1.tgz",
      "integrity": "sha512-CRBQDs7sQRxDRdQbHECuV2+IETD6UGp1bqnyNlbGM4trW9ObUTY39DWl/dLGh91x8qEepkCiYAO+w0B9gjEtkg=="
    }
  }
}
